
Microsoft Visual Studio Solution File, Format Version 12.00
# Visual Studio Version 16
VisualStudioVersion = 16.0.31624.102
MinimumVisualStudioVersion = 10.0.40219.1
Project("{FAE04EC0-301F-11D3-BF4B-00C04F79EFBC}") = "Lab_03", "Lab_03\Lab_03.csproj", "{232BC3F9-3687-41B7-8F41-87355679E09E}"
EndProject
Global
	GlobalSection(SolutionConfigurationPlatforms) = preSolution
		Debug|Any CPU = Debug|Any CPU
		Release|Any CPU = Release|Any CPU
	EndGlobalSection
	GlobalSection(ProjectConfigurationPlatforms) = postSolution
		{232BC3F9-3687-41B7-8F41-87355679E09E}.Debug|Any CPU.ActiveCfg = Debug|Any CPU
		{232BC3F9-3687-41B7-8F41-87355679E09E}.Debug|Any CPU.Build.0 = Debug|Any CPU
		{232BC3F9-3687-41B7-8F41-87355679E09E}.Release|Any CPU.ActiveCfg = Release|Any CPU
		{232BC3F9-3687-41B7-8F41-87355679E09E}.Release|Any CPU.Build.0 = Release|Any CPU
	EndGlobalSection
	GlobalSection(SolutionProperties) = preSolution
		HideSolutionNode = FALSE
	EndGlobalSection
	GlobalSection(ExtensibilityGlobals) = postSolution
		SolutionGuid = {D1FCE74A-A2CF-4478-8FDB-92B8DB54E5AA}
	EndGlobalSection
EndGlobal
